<Solution>
  <Folder Name="/src/">
    <Project Path="src/ApplicationCore/ApplicationCore.csproj" Id="9846e976-ecca-4094-83ff-01470dc520af" />
    <Project Path="src/AppWPF/AppWPF.csproj" />
    <Project Path="src/Domain/Domain.csproj" Id="1af02433-0230-4e92-8345-ad069c31d39f" />
    <Project Path="src/Infrastructure/Infrastructure.csproj" Id="6df951cf-f958-42f1-83c8-a5221c2708c2" />
    <Project Path="src/WebApp/WebApp.csproj" Id="0210b0d4-45e1-425b-89d8-366399398942" />
  </Folder>
</Solution>
